
Microsoft Visual Studio Solution File, Format Version 12.00
# Visual Studio Version 17
VisualStudioVersion = 17.11.35327.3
MinimumVisualStudioVersion = 10.0.40219.1
Project("{2150E333-8FDC-42A3-9474-1A3956D46DE8}") = "Task0", "Task0", "{7A6C06AD-140C-4B3C-B63A-4F0470ABED1C}"
EndProject
Project("{9A19103F-16F7-4668-BE54-9A1E7A4F7556}") = "Tyuiu.HoteevaEV.Sprint5.Task0.V24", "Tyuiu.HoteevaEV.Sprint5.Task0.V24\Tyuiu.HoteevaEV.Sprint5.Task0.V24.csproj", "{91FA0BF4-8740-4EFF-AB30-CFF5D71DBDF4}"
EndProject
Project("{9A19103F-16F7-4668-BE54-9A1E7A4F7556}") = "Tyuiu.HoteevaEV.Sprint5.Task0.V24.Lib", "Tyuiu.HoteevaEV.Sprint5.Task0.V24.Lib\Tyuiu.HoteevaEV.Sprint5.Task0.V24.Lib.csproj", "{A6F88621-0FB5-4059-980F-3B1958F804BD}"
EndProject
Project("{9A19103F-16F7-4668-BE54-9A1E7A4F7556}") = "Tyuiu.HoteevaEV.Sprint5.Task0.V24.Test", "Tyuiu.HoteevaEV.Sprint5.Task0.V24.Test\Tyuiu.HoteevaEV.Sprint5.Task0.V24.Test.csproj", "{07C74E0B-7D70-4241-8BF4-0C1F5DF6C8E5}"
EndProject
Project("{2150E333-8FDC-42A3-9474-1A3956D46DE8}") = "Task1", "Task1", "{211C4F94-3864-4324-9609-02B6DF980F08}"
EndProject
Project("{9A19103F-16F7-4668-BE54-9A1E7A4F7556}") = "Tyuiu.HoteevaEV.Sprint5.Task1.V3", "Tyuiu.HoteevaEV.Sprint5.Task1.V3\Tyuiu.HoteevaEV.Sprint5.Task1.V3.csproj", "{25DF96A5-4C13-4371-A23D-2494607082B8}"
EndProject
Project("{9A19103F-16F7-4668-BE54-9A1E7A4F7556}") = "Tyuiu.HoteevaEV.Sprint5.Task1.V3.Lib", "Tyuiu.HoteevaEV.Sprint5.Task1.V3.Lib\Tyuiu.HoteevaEV.Sprint5.Task1.V3.Lib.csproj", "{C0671518-B0F5-4C93-9FFB-4C4DFAF96E7A}"
EndProject
Project("{9A19103F-16F7-4668-BE54-9A1E7A4F7556}") = "Tyuiu.HoteevaEV.Sprint5.Task1.V3.Test", "Tyuiu.HoteevaEV.Sprint5.Task1.V3.Test\Tyuiu.HoteevaEV.Sprint5.Task1.V3.Test.csproj", "{3A088324-0D6E-4918-B9E3-E8290A333D70}"
EndProject
Project("{2150E333-8FDC-42A3-9474-1A3956D46DE8}") = "Task2", "Task2", "{B93CD9C2-4C0E-4DFC-BA23-AC36A4FEDB03}"
EndProject
Project("{9A19103F-16F7-4668-BE54-9A1E7A4F7556}") = "Tyuiu.HoteevaEV.Sprint5.Task2.V24", "Tyuiu.HoteevaEV.Sprint5.Task2.V24\Tyuiu.HoteevaEV.Sprint5.Task2.V24.csproj", "{7CDEDE65-D955-469E-B312-4B35032E887B}"
EndProject
Project("{9A19103F-16F7-4668-BE54-9A1E7A4F7556}") = "Tyuiu.HoteevaEV.Sprint5.Task2.V24.Lib", "Tyuiu.HoteevaEV.Sprint5.Task2.V24.Lib\Tyuiu.HoteevaEV.Sprint5.Task2.V24.Lib.csproj", "{E7B59FF1-44D9-4BEE-B6D2-E1E54E3C2BF1}"
EndProject
Project("{9A19103F-16F7-4668-BE54-9A1E7A4F7556}") = "Tyuiu.HoteevaEV.Sprint5.Task2.V24.Test", "Tyuiu.HoteevaEV.Sprint5.Task2.V24.Test\Tyuiu.HoteevaEV.Sprint5.Task2.V24.Test.csproj", "{F776F0C0-9FCF-4D98-A1B1-BA50B8EC5200}"
EndProject
Project("{2150E333-8FDC-42A3-9474-1A3956D46DE8}") = "Task3", "Task3", "{E7C43290-2CE2-4ED8-8F03-DB8929F45AC2}"
EndProject
Project("{9A19103F-16F7-4668-BE54-9A1E7A4F7556}") = "Tyuiu.HoteevaEV.Sprint5.Task3.V16", "Tyuiu.HoteevaEV.Sprint5.Task3.V16\Tyuiu.HoteevaEV.Sprint5.Task3.V16.csproj", "{D769E468-63F5-4BFB-90E4-A2153C89F31E}"
EndProject
Project("{9A19103F-16F7-4668-BE54-9A1E7A4F7556}") = "Tyuiu.HoteevaEV.Sprint5.Task3.V16.Lib", "Tyuiu.HoteevaEV.Sprint5.Task3.V16.Lib\Tyuiu.HoteevaEV.Sprint5.Task3.V16.Lib.csproj", "{16C6BD3A-6469-4B3A-A316-D7A6B5E8B5A1}"
EndProject
Project("{9A19103F-16F7-4668-BE54-9A1E7A4F7556}") = "Tyuiu.HoteevaEV.Sprint5.Task3.V16.Test", "Tyuiu.HoteevaEV.Sprint5.Task3.V16.Test\Tyuiu.HoteevaEV.Sprint5.Task3.V16.Test.csproj", "{5C4A0E38-89B1-46EA-B1A5-710A5BB0B1B4}"
EndProject
Project("{2150E333-8FDC-42A3-9474-1A3956D46DE8}") = "Task4", "Task4", "{48B6E648-AE89-4766-A4EC-94EBE00F1A07}"
EndProject
Project("{FAE04EC0-301F-11D3-BF4B-00C04F79EFBC}") = "Tyuiu.HoteevaEV.Sprint5.Task4.V15", "Tyuiu.HoteevaEV.Sprint5.Task4.V15\Tyuiu.HoteevaEV.Sprint5.Task4.V15.csproj", "{59A81FA4-27D7-481B-A120-672C28837626}"
EndProject
Project("{FAE04EC0-301F-11D3-BF4B-00C04F79EFBC}") = "Tyuiu.HoteevaEV.Sprint5.Task4.V15.Lib", "Tyuiu.HoteevaEV.Sprint5.Task4.V15.Lib\Tyuiu.HoteevaEV.Sprint5.Task4.V15.Lib.csproj", "{5A870B31-48F2-42BA-953D-27D53C2DCDEE}"
EndProject
Project("{FAE04EC0-301F-11D3-BF4B-00C04F79EFBC}") = "Tyuiu.HoteevaEV.Sprint5.Task4.V15.Test", "Tyuiu.HoteevaEV.Sprint5.Task4.V15.Test\Tyuiu.HoteevaEV.Sprint5.Task4.V15.Test.csproj", "{E3CD86E6-8BBD-4CA6-9F9F-5960F6A8D629}"
EndProject
Project("{2150E333-8FDC-42A3-9474-1A3956D46DE8}") = "Task5", "Task5", "{979A8E8C-5E89-4D4C-81CE-04B8AAE968BE}"
EndProject
Project("{FAE04EC0-301F-11D3-BF4B-00C04F79EFBC}") = "Tyuiu.HoteevaEV.Sprint5.Task5.V8", "Tyuiu.HoteevaEV.Sprint5.Task5.V8\Tyuiu.HoteevaEV.Sprint5.Task5.V8.csproj", "{337CE999-47B4-411A-B874-8CFEA20B405C}"
EndProject
Project("{FAE04EC0-301F-11D3-BF4B-00C04F79EFBC}") = "Tyuiu.HoteevaEV.Sprint5.Task5.V8.Lib", "Tyuiu.HoteevaEV.Sprint5.Task5.V8.Lib\Tyuiu.HoteevaEV.Sprint5.Task5.V8.Lib.csproj", "{B0FA2C0D-27F7-4FCD-9E6B-FBF2FFD3D15F}"
EndProject
Project("{FAE04EC0-301F-11D3-BF4B-00C04F79EFBC}") = "Tyuiu.HoteevaEV.Sprint5.Task5.V8.Test", "Tyuiu.HoteevaEV.Sprint5.Task5.V8.Test\Tyuiu.HoteevaEV.Sprint5.Task5.V8.Test.csproj", "{B855F7B0-B5E0-439A-A31F-C2E933218334}"
EndProject
Global
	GlobalSection(SolutionConfigurationPlatforms) = preSolution
		Debug|Any CPU = Debug|Any CPU
		Release|Any CPU = Release|Any CPU
	EndGlobalSection
	GlobalSection(ProjectConfigurationPlatforms) = postSolution
		{91FA0BF4-8740-4EFF-AB30-CFF5D71DBDF4}.Debug|Any CPU.ActiveCfg = Debug|Any CPU
		{91FA0BF4-8740-4EFF-AB30-CFF5D71DBDF4}.Debug|Any CPU.Build.0 = Debug|Any CPU
		{91FA0BF4-8740-4EFF-AB30-CFF5D71DBDF4}.Release|Any CPU.ActiveCfg = Release|Any CPU
		{91FA0BF4-8740-4EFF-AB30-CFF5D71DBDF4}.Release|Any CPU.Build.0 = Release|Any CPU
		{A6F88621-0FB5-4059-980F-3B1958F804BD}.Debug|Any CPU.ActiveCfg = Debug|Any CPU
		{A6F88621-0FB5-4059-980F-3B1958F804BD}.Debug|Any CPU.Build.0 = Debug|Any CPU
		{A6F88621-0FB5-4059-980F-3B1958F804BD}.Release|Any CPU.ActiveCfg = Release|Any CPU
		{A6F88621-0FB5-4059-980F-3B1958F804BD}.Release|Any CPU.Build.0 = Release|Any CPU
		{07C74E0B-7D70-4241-8BF4-0C1F5DF6C8E5}.Debug|Any CPU.ActiveCfg = Debug|Any CPU
		{07C74E0B-7D70-4241-8BF4-0C1F5DF6C8E5}.Debug|Any CPU.Build.0 = Debug|Any CPU
		{07C74E0B-7D70-4241-8BF4-0C1F5DF6C8E5}.Release|Any CPU.ActiveCfg = Release|Any CPU
		{07C74E0B-7D70-4241-8BF4-0C1F5DF6C8E5}.Release|Any CPU.Build.0 = Release|Any CPU
		{25DF96A5-4C13-4371-A23D-2494607082B8}.Debug|Any CPU.ActiveCfg = Debug|Any CPU
		{25DF96A5-4C13-4371-A23D-2494607082B8}.Debug|Any CPU.Build.0 = Debug|Any CPU
		{25DF96A5-4C13-4371-A23D-2494607082B8}.Release|Any CPU.ActiveCfg = Release|Any CPU
		{25DF96A5-4C13-4371-A23D-2494607082B8}.Release|Any CPU.Build.0 = Release|Any CPU
		{C0671518-B0F5-4C93-9FFB-4C4DFAF96E7A}.Debug|Any CPU.ActiveCfg = Debug|Any CPU
		{C0671518-B0F5-4C93-9FFB-4C4DFAF96E7A}.Debug|Any CPU.Build.0 = Debug|Any CPU
		{C0671518-B0F5-4C93-9FFB-4C4DFAF96E7A}.Release|Any CPU.ActiveCfg = Release|Any CPU
		{C0671518-B0F5-4C93-9FFB-4C4DFAF96E7A}.Release|Any CPU.Build.0 = Release|Any CPU
		{3A088324-0D6E-4918-B9E3-E8290A333D70}.Debug|Any CPU.ActiveCfg = Debug|Any CPU
		{3A088324-0D6E-4918-B9E3-E8290A333D70}.Debug|Any CPU.Build.0 = Debug|Any CPU
		{3A088324-0D6E-4918-B9E3-E8290A333D70}.Release|Any CPU.ActiveCfg = Release|Any CPU
		{3A088324-0D6E-4918-B9E3-E8290A333D70}.Release|Any CPU.Build.0 = Release|Any CPU
		{7CDEDE65-D955-469E-B312-4B35032E887B}.Debug|Any CPU.ActiveCfg = Debug|Any CPU
		{7CDEDE65-D955-469E-B312-4B35032E887B}.Debug|Any CPU.Build.0 = Debug|Any CPU
		{7CDEDE65-D955-469E-B312-4B35032E887B}.Release|Any CPU.ActiveCfg = Release|Any CPU
		{7CDEDE65-D955-469E-B312-4B35032E887B}.Release|Any CPU.Build.0 = Release|Any CPU
		{E7B59FF1-44D9-4BEE-B6D2-E1E54E3C2BF1}.Debug|Any CPU.ActiveCfg = Debug|Any CPU
		{E7B59FF1-44D9-4BEE-B6D2-E1E54E3C2BF1}.Debug|Any CPU.Build.0 = Debug|Any CPU
		{E7B59FF1-44D9-4BEE-B6D2-E1E54E3C2BF1}.Release|Any CPU.ActiveCfg = Release|Any CPU
		{E7B59FF1-44D9-4BEE-B6D2-E1E54E3C2BF1}.Release|Any CPU.Build.0 = Release|Any CPU
		{F776F0C0-9FCF-4D98-A1B1-BA50B8EC5200}.Debug|Any CPU.ActiveCfg = Debug|Any CPU
		{F776F0C0-9FCF-4D98-A1B1-BA50B8EC5200}.Debug|Any CPU.Build.0 = Debug|Any CPU
		{F776F0C0-9FCF-4D98-A1B1-BA50B8EC5200}.Release|Any CPU.ActiveCfg = Release|Any CPU
		{F776F0C0-9FCF-4D98-A1B1-BA50B8EC5200}.Release|Any CPU.Build.0 = Release|Any CPU
		{D769E468-63F5-4BFB-90E4-A2153C89F31E}.Debug|Any CPU.ActiveCfg = Debug|Any CPU
		{D769E468-63F5-4BFB-90E4-A2153C89F31E}.Debug|Any CPU.Build.0 = Debug|Any CPU
		{D769E468-63F5-4BFB-90E4-A2153C89F31E}.Release|Any CPU.ActiveCfg = Release|Any CPU
		{D769E468-63F5-4BFB-90E4-A2153C89F31E}.Release|Any CPU.Build.0 = Release|Any CPU
		{16C6BD3A-6469-4B3A-A316-D7A6B5E8B5A1}.Debug|Any CPU.ActiveCfg = Debug|Any CPU
		{16C6BD3A-6469-4B3A-A316-D7A6B5E8B5A1}.Debug|Any CPU.Build.0 = Debug|Any CPU
		{16C6BD3A-6469-4B3A-A316-D7A6B5E8B5A1}.Release|Any CPU.ActiveCfg = Release|Any CPU
		{16C6BD3A-6469-4B3A-A316-D7A6B5E8B5A1}.Release|Any CPU.Build.0 = Release|Any CPU
		{5C4A0E38-89B1-46EA-B1A5-710A5BB0B1B4}.Debug|Any CPU.ActiveCfg = Debug|Any CPU
		{5C4A0E38-89B1-46EA-B1A5-710A5BB0B1B4}.Debug|Any CPU.Build.0 = Debug|Any CPU
		{5C4A0E38-89B1-46EA-B1A5-710A5BB0B1B4}.Release|Any CPU.ActiveCfg = Release|Any CPU
		{5C4A0E38-89B1-46EA-B1A5-710A5BB0B1B4}.Release|Any CPU.Build.0 = Release|Any CPU
		{59A81FA4-27D7-481B-A120-672C28837626}.Debug|Any CPU.ActiveCfg = Debug|Any CPU
		{59A81FA4-27D7-481B-A120-672C28837626}.Debug|Any CPU.Build.0 = Debug|Any CPU
		{59A81FA4-27D7-481B-A120-672C28837626}.Release|Any CPU.ActiveCfg = Release|Any CPU
		{59A81FA4-27D7-481B-A120-672C28837626}.Release|Any CPU.Build.0 = Release|Any CPU
		{5A870B31-48F2-42BA-953D-27D53C2DCDEE}.Debug|Any CPU.ActiveCfg = Debug|Any CPU
		{5A870B31-48F2-42BA-953D-27D53C2DCDEE}.Debug|Any CPU.Build.0 = Debug|Any CPU
		{5A870B31-48F2-42BA-953D-27D53C2DCDEE}.Release|Any CPU.ActiveCfg = Release|Any CPU
		{5A870B31-48F2-42BA-953D-27D53C2DCDEE}.Release|Any CPU.Build.0 = Release|Any CPU
		{E3CD86E6-8BBD-4CA6-9F9F-5960F6A8D629}.Debug|Any CPU.ActiveCfg = Debug|Any CPU
		{E3CD86E6-8BBD-4CA6-9F9F-5960F6A8D629}.Debug|Any CPU.Build.0 = Debug|Any CPU
		{E3CD86E6-8BBD-4CA6-9F9F-5960F6A8D629}.Release|Any CPU.ActiveCfg = Release|Any CPU
		{E3CD86E6-8BBD-4CA6-9F9F-5960F6A8D629}.Release|Any CPU.Build.0 = Release|Any CPU
		{337CE999-47B4-411A-B874-8CFEA20B405C}.Debug|Any CPU.ActiveCfg = Debug|Any CPU
		{337CE999-47B4-411A-B874-8CFEA20B405C}.Debug|Any CPU.Build.0 = Debug|Any CPU
		{337CE999-47B4-411A-B874-8CFEA20B405C}.Release|Any CPU.ActiveCfg = Release|Any CPU
		{337CE999-47B4-411A-B874-8CFEA20B405C}.Release|Any CPU.Build.0 = Release|Any CPU
		{B0FA2C0D-27F7-4FCD-9E6B-FBF2FFD3D15F}.Debug|Any CPU.ActiveCfg = Debug|Any CPU
		{B0FA2C0D-27F7-4FCD-9E6B-FBF2FFD3D15F}.Debug|Any CPU.Build.0 = Debug|Any CPU
		{B0FA2C0D-27F7-4FCD-9E6B-FBF2FFD3D15F}.Release|Any CPU.ActiveCfg = Release|Any CPU
		{B0FA2C0D-27F7-4FCD-9E6B-FBF2FFD3D15F}.Release|Any CPU.Build.0 = Release|Any CPU
		{B855F7B0-B5E0-439A-A31F-C2E933218334}.Debug|Any CPU.ActiveCfg = Debug|Any CPU
		{B855F7B0-B5E0-439A-A31F-C2E933218334}.Debug|Any CPU.Build.0 = Debug|Any CPU
		{B855F7B0-B5E0-439A-A31F-C2E933218334}.Release|Any CPU.ActiveCfg = Release|Any CPU
		{B855F7B0-B5E0-439A-A31F-C2E933218334}.Release|Any CPU.Build.0 = Release|Any CPU
	EndGlobalSection
	GlobalSection(SolutionProperties) = preSolution
		HideSolutionNode = FALSE
	EndGlobalSection
	GlobalSection(NestedProjects) = preSolution
		{91FA0BF4-8740-4EFF-AB30-CFF5D71DBDF4} = {7A6C06AD-140C-4B3C-B63A-4F0470ABED1C}
		{A6F88621-0FB5-4059-980F-3B1958F804BD} = {7A6C06AD-140C-4B3C-B63A-4F0470ABED1C}
		{07C74E0B-7D70-4241-8BF4-0C1F5DF6C8E5} = {7A6C06AD-140C-4B3C-B63A-4F0470ABED1C}
		{25DF96A5-4C13-4371-A23D-2494607082B8} = {211C4F94-3864-4324-9609-02B6DF980F08}
		{C0671518-B0F5-4C93-9FFB-4C4DFAF96E7A} = {211C4F94-3864-4324-9609-02B6DF980F08}
		{3A088324-0D6E-4918-B9E3-E8290A333D70} = {211C4F94-3864-4324-9609-02B6DF980F08}
		{7CDEDE65-D955-469E-B312-4B35032E887B} = {B93CD9C2-4C0E-4DFC-BA23-AC36A4FEDB03}
		{E7B59FF1-44D9-4BEE-B6D2-E1E54E3C2BF1} = {B93CD9C2-4C0E-4DFC-BA23-AC36A4FEDB03}
		{F776F0C0-9FCF-4D98-A1B1-BA50B8EC5200} = {B93CD9C2-4C0E-4DFC-BA23-AC36A4FEDB03}
		{D769E468-63F5-4BFB-90E4-A2153C89F31E} = {E7C43290-2CE2-4ED8-8F03-DB8929F45AC2}
		{16C6BD3A-6469-4B3A-A316-D7A6B5E8B5A1} = {E7C43290-2CE2-4ED8-8F03-DB8929F45AC2}
		{5C4A0E38-89B1-46EA-B1A5-710A5BB0B1B4} = {E7C43290-2CE2-4ED8-8F03-DB8929F45AC2}
		{59A81FA4-27D7-481B-A120-672C28837626} = {48B6E648-AE89-4766-A4EC-94EBE00F1A07}
		{5A870B31-48F2-42BA-953D-27D53C2DCDEE} = {48B6E648-AE89-4766-A4EC-94EBE00F1A07}
		{E3CD86E6-8BBD-4CA6-9F9F-5960F6A8D629} = {48B6E648-AE89-4766-A4EC-94EBE00F1A07}
		{337CE999-47B4-411A-B874-8CFEA20B405C} = {979A8E8C-5E89-4D4C-81CE-04B8AAE968BE}
		{B0FA2C0D-27F7-4FCD-9E6B-FBF2FFD3D15F} = {979A8E8C-5E89-4D4C-81CE-04B8AAE968BE}
		{B855F7B0-B5E0-439A-A31F-C2E933218334} = {979A8E8C-5E89-4D4C-81CE-04B8AAE968BE}
	EndGlobalSection
	GlobalSection(ExtensibilityGlobals) = postSolution
		SolutionGuid = {A7B018DE-DFC8-4564-B286-A3FF77E8A3EA}
	EndGlobalSection
EndGlobal
